
Microsoft Visual Studio Solution File, Format Version 12.00
# Visual Studio Version 17
VisualStudioVersion = 17.3.32901.215
MinimumVisualStudioVersion = 10.0.40219.1
Project("{FAE04EC0-301F-11D3-BF4B-00C04F79EFBC}") = "Meat and Milk and  price", "Meat and Milk and  price\Meat and Milk and  price.csproj", "{0731AE1C-0AF9-4CEE-AA12-17B04753A7FB}"
EndProject
Global
	GlobalSection(SolutionConfigurationPlatforms) = preSolution
		Debug|Any CPU = Debug|Any CPU
		Release|Any CPU = Release|Any CPU
	EndGlobalSection
	GlobalSection(ProjectConfigurationPlatforms) = postSolution
		{0731AE1C-0AF9-4CEE-AA12-17B04753A7FB}.Debug|Any CPU.ActiveCfg = Debug|Any CPU
		{0731AE1C-0AF9-4CEE-AA12-17B04753A7FB}.Debug|Any CPU.Build.0 = Debug|Any CPU
		{0731AE1C-0AF9-4CEE-AA12-17B04753A7FB}.Release|Any CPU.ActiveCfg = Release|Any CPU
		{0731AE1C-0AF9-4CEE-AA12-17B04753A7FB}.Release|Any CPU.Build.0 = Release|Any CPU
	EndGlobalSection
	GlobalSection(SolutionProperties) = preSolution
		HideSolutionNode = FALSE
	EndGlobalSection
	GlobalSection(ExtensibilityGlobals) = postSolution
		SolutionGuid = {2708FD05-CBEE-4DE7-8E6B-2E3B30F7E2EF}
	EndGlobalSection
EndGlobal
